dependencies:
  SigmaIO:
    dependencies:
    - name: SigmaLogger
      path: ../../../EI_SigmaLogger/components/SigmaLogger/
    source:
      path: C:\Projects\ESP-IDF\EI_SigmaIO\components\SigmaIO
      type: local
    version: 1.0.0
  SigmaLogger:
    dependencies: []
    source:
      path: C:\Projects\ESP-IDF\EI_SigmaLogger\components\SigmaLogger
      type: local
    version: 1.0.0
  SigmaVehicle:
    dependencies:
    - name: idf
      version: '>=5.5.0'
    - name: espressif/SigmaLogger
      version: '*'
    - name: espressif/SigmaIO
      version: '*'
    source:
      path: C:\Projects\ESP-IDF\EI_SigmaVehicle\components\SigmaVehicle
      type: local
    version: '*'
  idf:
    source:
      type: idf
    version: 5.5.1
direct_dependencies:
- SigmaIO
- SigmaLogger
- SigmaVehicle
- idf
manifest_hash: f88dce0b89adad7f8f3398619e648a8536d2e48f97ba757ef385b648e25d0808
target: esp32
version: 2.0.0
