dependencies:
  SigmaIO:
    dependencies:
    - name: SigmaLogger
      path: ../../../SigmaLogger/components/SigmaLogger/
    source:
      path: C:\Projects\ESP-IDF\SigmaIO\components\SigmaIO
      type: local
    version: 1.0.0
  SigmaLogger:
    dependencies: []
    source:
      path: C:\Projects\ESP-IDF\SigmaLogger\components\SigmaLogger
      type: local
    version: 1.0.0
  SigmaVehicle:
    dependencies:
    - name: idf
      version: '>=5.5.0'
    - name: espressif/SigmaLogger
      version: '*'
    - name: espressif/SigmaIO
      version: '*'
    source:
      path: C:\Projects\ESP-IDF\SigmaVehicle\components\SigmaVehicle
      type: local
    version: '*'
  idf:
    source:
      type: idf
    version: 5.5.1
direct_dependencies:
- SigmaIO
- SigmaLogger
- SigmaVehicle
- idf
manifest_hash: 09c2ebe967eedecf8769665edb7638a3d3fdf9a569adafade2dd2cd6ca75393d
target: esp32
version: 2.0.0
